
Microsoft Visual Studio Solution File, Format Version 12.00
# Visual Studio Version 16
VisualStudioVersion = 16.0.30804.86
MinimumVisualStudioVersion = 10.0.40219.1
Project("{9A19103F-16F7-4668-BE54-9A1E7A4F7556}") = "api", "api\api.csproj", "{64703975-3A98-4E79-A8C4-80F927C00760}"
EndProject
Project("{FAE04EC0-301F-11D3-BF4B-00C04F79EFBC}") = "api.test", "api.test\api.test.csproj", "{C0CA3C93-B1D8-4618-B3FA-CB9CC5A8EB40}"
EndProject
Project("{FAE04EC0-301F-11D3-BF4B-00C04F79EFBC}") = "api.integrate", "api.integrate\api.integrate.csproj", "{E22535FF-D4FD-4547-B4BC-64914F740962}"
EndProject
Global
	GlobalSection(SolutionConfigurationPlatforms) = preSolution
		Debug|Any CPU = Debug|Any CPU
		Release|Any CPU = Release|Any CPU
	EndGlobalSection
	GlobalSection(ProjectConfigurationPlatforms) = postSolution
		{64703975-3A98-4E79-A8C4-80F927C00760}.Debug|Any CPU.ActiveCfg = Debug|Any CPU
		{64703975-3A98-4E79-A8C4-80F927C00760}.Debug|Any CPU.Build.0 = Debug|Any CPU
		{64703975-3A98-4E79-A8C4-80F927C00760}.Release|Any CPU.ActiveCfg = Release|Any CPU
		{64703975-3A98-4E79-A8C4-80F927C00760}.Release|Any CPU.Build.0 = Release|Any CPU
		{C0CA3C93-B1D8-4618-B3FA-CB9CC5A8EB40}.Debug|Any CPU.ActiveCfg = Debug|Any CPU
		{C0CA3C93-B1D8-4618-B3FA-CB9CC5A8EB40}.Debug|Any CPU.Build.0 = Debug|Any CPU
		{C0CA3C93-B1D8-4618-B3FA-CB9CC5A8EB40}.Release|Any CPU.ActiveCfg = Release|Any CPU
		{C0CA3C93-B1D8-4618-B3FA-CB9CC5A8EB40}.Release|Any CPU.Build.0 = Release|Any CPU
		{E22535FF-D4FD-4547-B4BC-64914F740962}.Debug|Any CPU.ActiveCfg = Debug|Any CPU
		{E22535FF-D4FD-4547-B4BC-64914F740962}.Debug|Any CPU.Build.0 = Debug|Any CPU
		{E22535FF-D4FD-4547-B4BC-64914F740962}.Release|Any CPU.ActiveCfg = Release|Any CPU
		{E22535FF-D4FD-4547-B4BC-64914F740962}.Release|Any CPU.Build.0 = Release|Any CPU
	EndGlobalSection
	GlobalSection(SolutionProperties) = preSolution
		HideSolutionNode = FALSE
	EndGlobalSection
	GlobalSection(ExtensibilityGlobals) = postSolution
		SolutionGuid = {1E33C0AC-AF5C-4F7B-A9CF-8693EAB31DAE}
	EndGlobalSection
EndGlobal
